# THIS IS AN AUTOGENERATED FILE. DO NOT EDIT THIS FILE DIRECTLY.
# yarn lockfile v1


chance@^1.1.8:
  version "1.1.8"
  resolved "https://npm.omg.sh/chance/-/chance-1.1.8.tgz#5d6c2b78c9170bf6eb9df7acdda04363085be909"
  integrity sha512-v7fi5Hj2VbR6dJEGRWLmJBA83LJMS47pkAbmROFxHWd9qmE1esHRZW8Clf1Fhzr3rjxnNZVCjOEv/ivFxeIMtg==

deeks@2.5.1:
  version "2.5.1"
  resolved "https://npm.omg.sh/deeks/-/deeks-2.5.1.tgz#c4e18a00cac3f8ff95a306463db8f533c879f436"
  integrity sha512-fqrBeUz7f1UqaXDRzVB5RG2EfPk15HJRrb2pMZj8mLlSTtz4tRPsK5leFOskoHFPuyZ6+7aRM9j657fvXLkJ7Q==

doc-path@3.0.2:
  version "3.0.2"
  resolved "https://npm.omg.sh/doc-path/-/doc-path-3.0.2.tgz#a7df9d58eadce28a2ddd4eda5aa392628fd75b6d"
  integrity sha512-VRlA2OKSjTbHWj6wmSanxJ338fE/YN8pqmZ0FIWK5JWkIJMFRc4KmD35JtOrnjvVG0WrzOtDDNHx1lN1tkb+lA==

json-2-csv@^3.17.0:
  version "3.17.0"
  resolved "https://npm.omg.sh/json-2-csv/-/json-2-csv-3.17.0.tgz#d886e4ec382bdb96dd31cbf87e0206173176d3c7"
  integrity sha512-mLnrYK3TX/mDSiBduA6vuSuVlvkYgDMv+Ef8HXCriyz73BBc6I7pWljdRfR+FKPzYKcnz/rUvzbqJQx/tbEoMQ==
  dependencies:
    deeks "2.5.1"
    doc-path "3.0.2"
